{
  "name": "demo",
  "version": "1.0.0",
  "lockfileVersion": 1,
  "requires": true,
  "dependencies": {
    "debug": {
      "version": "2.6.9",
      "resolved": "https://registry.npmjs.org/debug/-/debug-2.6.9.tgz",
      "integrity": "sha512-bC7ElrdJaJnPbAP+1EotYvqZsb3ecl5wi6Bfi6BJTUcNowp6cvspg0jXznRTKDjm/E7AdgFBVeAPVMNcKGsHMA==",
      "requires": {
        "ms": "2.0.0"
      }
    },
    "gl-mat4": {
      "version": "1.1.4",
      "resolved": "https://registry.npmjs.org/gl-mat4/-/gl-mat4-1.1.4.tgz",
      "integrity": "sha1-HolbVYkuVqiWhnq9g30483oXgIY="
    },
    "gl-vec3": {
      "version": "1.0.3",
      "resolved": "https://registry.npmjs.org/gl-vec3/-/gl-vec3-1.0.3.tgz",
      "integrity": "sha1-EQ/Yl9Byn2OYMHOBVn0JRJQb8is="
    },
    "interpolate-angle": {
      "version": "1.0.2",
      "resolved": "https://registry.npmjs.org/interpolate-angle/-/interpolate-angle-1.0.2.tgz",
      "integrity": "sha1-q6mSFyJy4ucJOMlTC0HcNcV+5do=",
      "requires": {
        "lerp": "1.0.3"
      }
    },
    "is-browser": {
      "version": "2.0.1",
      "resolved": "https://registry.npmjs.org/is-browser/-/is-browser-2.0.1.tgz",
      "integrity": "sha1-i/C695mpxi/Z3lvO5M8zl8PnUpo="
    },
    "is-plask": {
      "version": "1.1.1",
      "resolved": "https://registry.npmjs.org/is-plask/-/is-plask-1.1.1.tgz",
      "integrity": "sha1-3mOSZXYfKK939JtBI4tnp/R8sgg=",
      "requires": {
        "plask-wrap": "1.0.1"
      }
    },
    "lerp": {
      "version": "1.0.3",
      "resolved": "https://registry.npmjs.org/lerp/-/lerp-1.0.3.tgz",
      "integrity": "sha1-oYyJaPkXiW3hXM/MKNVaa3Med24="
    },
    "ms": {
      "version": "2.0.0",
      "resolved": "https://registry.npmjs.org/ms/-/ms-2.0.0.tgz",
      "integrity": "sha1-VgiurfwAvmwpAd9fmGF4jeDVl8g="
    },
    "performance-now": {
      "version": "2.1.0",
      "resolved": "https://registry.npmjs.org/performance-now/-/performance-now-2.1.0.tgz",
      "integrity": "sha1-Ywn04OX6kT7BxpMHrjZLSzd8nns="
    },
    "pex-cam": {
      "version": "2.3.2",
      "resolved": "https://registry.npmjs.org/pex-cam/-/pex-cam-2.3.2.tgz",
      "integrity": "sha512-dwG+v4sfIHkew+573THofS4+h3uMx8AeEw/896rzUZKlixk1GBOknLOrpaPa7PhBl0ZMkT4QqRzHmZwUl+ZKUA==",
      "requires": {
        "interpolate-angle": "1.0.2",
        "pex-geom": "1.0.0",
        "pex-math": "1.0.1",
        "raf": "3.4.0"
      },
      "dependencies": {
        "pex-math": {
          "version": "1.0.1",
          "resolved": "https://registry.npmjs.org/pex-math/-/pex-math-1.0.1.tgz",
          "integrity": "sha1-NRvf2t+Cqnksfq08XSyGO68zJHg="
        }
      }
    },
    "pex-context": {
      "version": "2.0.0-34",
      "resolved": "https://registry.npmjs.org/pex-context/-/pex-context-2.0.0-34.tgz",
      "integrity": "sha512-aiMZXn7d403iXSA+VWzsRVGTP3wp5uaSBtvI00hRkHaVvPgMjRKsXUE7PkNprIFz9OQXWC+Y/5LlJhhdOPitlQ==",
      "requires": {
        "debug": "2.6.9",
        "is-browser": "2.0.1",
        "is-plask": "1.1.1",
        "pex-gl": "2.4.1",
        "plask-wrap": "1.0.1",
        "raf": "3.4.0",
        "ramda": "0.23.0"
      }
    },
    "pex-geom": {
      "version": "1.0.0",
      "resolved": "https://registry.npmjs.org/pex-geom/-/pex-geom-1.0.0.tgz",
      "integrity": "sha1-XxhRYSH5TZXAYryyQEorPb3SMLw="
    },
    "pex-gl": {
      "version": "2.4.1",
      "resolved": "https://registry.npmjs.org/pex-gl/-/pex-gl-2.4.1.tgz",
      "integrity": "sha1-MqZNLqathNo31KvrcfvHq5Wn0W4=",
      "requires": {
        "is-plask": "1.1.1"
      }
    },
    "pex-math": {
      "version": "2.0.0",
      "resolved": "https://registry.npmjs.org/pex-math/-/pex-math-2.0.0.tgz",
      "integrity": "sha512-6Ca4OSIzCg0saX2iV6jAQpZoMrmgjWw+AAOKfjDJ3NDdsK7J7c1x2hpx6vJdGWDaSkeCCzEAX6cxGSoCdnQTPg=="
    },
    "plask-wrap": {
      "version": "1.0.1",
      "resolved": "https://registry.npmjs.org/plask-wrap/-/plask-wrap-1.0.1.tgz",
      "integrity": "sha1-xfXBtdh0wcfZtxf3chJvJauzHd8="
    },
    "primitive-cube": {
      "version": "2.0.1",
      "resolved": "https://registry.npmjs.org/primitive-cube/-/primitive-cube-2.0.1.tgz",
      "integrity": "sha1-iqW8PL/y7+6DzOdM/KuKybW0awY="
    },
    "primitive-sphere": {
      "version": "3.0.0",
      "resolved": "https://registry.npmjs.org/primitive-sphere/-/primitive-sphere-3.0.0.tgz",
      "integrity": "sha1-dgm9pfb2ySUiE++jEnBg7mXm9zI=",
      "requires": {
        "gl-mat4": "1.1.4",
        "gl-vec3": "1.0.3"
      }
    },
    "raf": {
      "version": "3.4.0",
      "resolved": "https://registry.npmjs.org/raf/-/raf-3.4.0.tgz",
      "integrity": "sha512-pDP/NMRAXoTfrhCfyfSEwJAKLaxBU9eApMeBPB1TkDouZmvPerIClV8lTAd+uF8ZiTaVl69e1FCxQrAd/VTjGw==",
      "requires": {
        "performance-now": "2.1.0"
      }
    },
    "ramda": {
      "version": "0.23.0",
      "resolved": "https://registry.npmjs.org/ramda/-/ramda-0.23.0.tgz",
      "integrity": "sha1-zNE//3NJepOXTj6GMnv9h71ujis="
    }
  }
}
